
Microsoft Visual Studio Solution File, Format Version 12.00
# Visual Studio Version 17
VisualStudioVersion = 17.14.37027.9 d17.14
MinimumVisualStudioVersion = 10.0.40219.1
Project("{FAE04EC0-301F-11D3-BF4B-00C04F79EFBC}") = "PersonalityImageTestApp", "PersonalityImageTestApp\PersonalityImageTestApp.csproj", "{767096C7-DBFA-4569-945B-00126DD521D5}"
EndProject
Global
	GlobalSection(SolutionConfigurationPlatforms) = preSolution
		Debug|Any CPU = Debug|Any CPU
		Release|Any CPU = Release|Any CPU
	EndGlobalSection
	GlobalSection(ProjectConfigurationPlatforms) = postSolution
		{767096C7-DBFA-4569-945B-00126DD521D5}.Debug|Any CPU.ActiveCfg = Debug|Any CPU
		{767096C7-DBFA-4569-945B-00126DD521D5}.Debug|Any CPU.Build.0 = Debug|Any CPU
		{767096C7-DBFA-4569-945B-00126DD521D5}.Release|Any CPU.ActiveCfg = Release|Any CPU
		{767096C7-DBFA-4569-945B-00126DD521D5}.Release|Any CPU.Build.0 = Release|Any CPU
	EndGlobalSection
	GlobalSection(SolutionProperties) = preSolution
		HideSolutionNode = FALSE
	EndGlobalSection
	GlobalSection(ExtensibilityGlobals) = postSolution
		SolutionGuid = {7C82D1FC-2E53-4926-99D2-2CC215760A8C}
	EndGlobalSection
EndGlobal
